
Microsoft Visual Studio Solution File, Format Version 12.00
# Visual Studio Version 16
VisualStudioVersion = 16.0.29020.237
MinimumVisualStudioVersion = 10.0.40219.1
Project("{FAE04EC0-301F-11D3-BF4B-00C04F79EFBC}") = "Problem1", "Problem1\Problem1.csproj", "{B818371F-3513-43B1-8117-F94D051478D1}"
EndProject
Global
	GlobalSection(SolutionConfigurationPlatforms) = preSolution
		Debug|Any CPU = Debug|Any CPU
		Release|Any CPU = Release|Any CPU
	EndGlobalSection
	GlobalSection(ProjectConfigurationPlatforms) = postSolution
		{B818371F-3513-43B1-8117-F94D051478D1}.Debug|Any CPU.ActiveCfg = Debug|Any CPU
		{B818371F-3513-43B1-8117-F94D051478D1}.Debug|Any CPU.Build.0 = Debug|Any CPU
		{B818371F-3513-43B1-8117-F94D051478D1}.Release|Any CPU.ActiveCfg = Release|Any CPU
		{B818371F-3513-43B1-8117-F94D051478D1}.Release|Any CPU.Build.0 = Release|Any CPU
	EndGlobalSection
	GlobalSection(SolutionProperties) = preSolution
		HideSolutionNode = FALSE
	EndGlobalSection
	GlobalSection(ExtensibilityGlobals) = postSolution
		SolutionGuid = {455EBE9A-071A-4913-986E-9BA790F69ECA}
	EndGlobalSection
EndGlobal
